
Microsoft Visual Studio Solution File, Format Version 12.00
# Visual Studio Version 17
VisualStudioVersion = 17.11.35222.181
MinimumVisualStudioVersion = 10.0.40219.1
Project("{2150E333-8FDC-42A3-9474-1A3956D46DE8}") = "Task0", "Task0", "{2E1B4366-D0E0-48A2-8A2F-9B3293E4EDE2}"
EndProject
Project("{9A19103F-16F7-4668-BE54-9A1E7A4F7556}") = "Tyuiu.ShaldinDA.Sprint0.Task0.V0", "Tyuiu.ShaldinDA.Sprint0.Task0.V0\Tyuiu.ShaldinDA.Sprint0.Task0.V0.csproj", "{325CD496-E87E-4EF8-B23E-8E34F8824531}"
EndProject
Project("{2150E333-8FDC-42A3-9474-1A3956D46DE8}") = "Task1", "Task1", "{29FF9514-E415-493D-BD43-AAFBA2758DDE}"
EndProject
Project("{9A19103F-16F7-4668-BE54-9A1E7A4F7556}") = "Tyuiu.ShaldinDA.Sprint0.Task1.V0", "Tyuiu.ShaldinDA.Sprint0.Task1.V0\Tyuiu.ShaldinDA.Sprint0.Task1.V0.csproj", "{BC0390B6-3554-4ACD-A94E-3D0D85E1955F}"
EndProject
Project("{2150E333-8FDC-42A3-9474-1A3956D46DE8}") = "Task2", "Task2", "{F54BFEEF-6F56-44D0-AFA4-2F34923B17BF}"
EndProject
Project("{9A19103F-16F7-4668-BE54-9A1E7A4F7556}") = "Tyuiu.ShaldinDA.Sprint0.Task2.V0", "Tyuiu.ShaldinDA.Sprint0.Task2.V0\Tyuiu.ShaldinDA.Sprint0.Task2.V0.csproj", "{4DEC932A-10E8-4944-96EB-8111E6A7EF9F}"
EndProject
Project("{9A19103F-16F7-4668-BE54-9A1E7A4F7556}") = "Tyuiu.ShaldinDA.Sprint0.Task2.V0.Lib", "Tyuiu.ShaldinDA.Sprint0.Task2.V0.Lib\Tyuiu.ShaldinDA.Sprint0.Task2.V0.Lib.csproj", "{449441BD-03E9-402C-A90F-D20E2BC06C06}"
EndProject
Project("{9A19103F-16F7-4668-BE54-9A1E7A4F7556}") = "Tyuiu.ShaldinDA.Sprint0.Task2.V0.Test", "Tyuiu.ShaldinDA.Sprint0.Task2.V0.Test\Tyuiu.ShaldinDA.Sprint0.Task2.V0.Test.csproj", "{C5D5D90D-17E0-4408-9963-629E351250BA}"
EndProject
Project("{2150E333-8FDC-42A3-9474-1A3956D46DE8}") = "Task3", "Task3", "{3B823BBA-0185-4943-A85D-4ED214630273}"
EndProject
Project("{9A19103F-16F7-4668-BE54-9A1E7A4F7556}") = "Tyuiu.ShaldinDA.Sprint0.Task3.V0", "Tyuiu.ShaldinDA.Sprint0.Task3.V0\Tyuiu.ShaldinDA.Sprint0.Task3.V0.csproj", "{5A5F182A-DAB8-4CB8-971E-B82E597F762F}"
EndProject
Project("{9A19103F-16F7-4668-BE54-9A1E7A4F7556}") = "Tyuiu.ShaldinDA.Sprint0.Task3.V0.Test", "Tyuiu.ShaldinDA.Sprint0.Task3.V0.Test\Tyuiu.ShaldinDA.Sprint0.Task3.V0.Test.csproj", "{09ACBB0B-80D3-49C9-891A-B706EDEAF933}"
EndProject
Project("{9A19103F-16F7-4668-BE54-9A1E7A4F7556}") = "Tyuiu.ShaldinDA.Sprint0.Task3.V0.Lib", "Tyuiu.ShaldinDA.Sprint0.Task3.V0.Lib\Tyuiu.ShaldinDA.Sprint0.Task3.V0.Lib.csproj", "{A2ED640F-9CEF-4DAE-80BD-42D4471D0697}"
EndProject
Project("{2150E333-8FDC-42A3-9474-1A3956D46DE8}") = "Task4", "Task4", "{ACD12C09-1978-4AEA-BD84-C407D94DF235}"
EndProject
Project("{9A19103F-16F7-4668-BE54-9A1E7A4F7556}") = "Tyuiu.ShaldinDASprint0.Task4.V0", "Tyuiu.ShaldinDASprint0.Task4.V0\Tyuiu.ShaldinDASprint0.Task4.V0.csproj", "{CA164E96-CBBA-4401-B49C-CA160DE833A9}"
EndProject
Project("{9A19103F-16F7-4668-BE54-9A1E7A4F7556}") = "Tyuiu.ShaldinDA.Sprint0.Task4.V0.Lib", "Tyuiu.ShaldinDA.Sprint0.Task4.V0.Lib\Tyuiu.ShaldinDA.Sprint0.Task4.V0.Lib.csproj", "{10EED5DD-F482-4913-9F59-D536EA55D9A2}"
EndProject
Project("{9A19103F-16F7-4668-BE54-9A1E7A4F7556}") = "Tyuiu.ShaldinDA.Sprint0.Task4.V0.Test", "Tyuiu.ShaldinDA.Sprint0.Task4.V0.Test\Tyuiu.ShaldinDA.Sprint0.Task4.V0.Test.csproj", "{13DDBA6E-A292-43C3-8432-0D65D6E5610F}"
EndProject
Project("{2150E333-8FDC-42A3-9474-1A3956D46DE8}") = "Task5", "Task5", "{62B1F9D4-BEA0-4B44-8E73-276073E92027}"
EndProject
Project("{FAE04EC0-301F-11D3-BF4B-00C04F79EFBC}") = "Tyuiu.ShaldinDA.Sprint0.Task5.V0", "Tyuiu.ShaldinDA.Sprint0.Task5.V0\Tyuiu.ShaldinDA.Sprint0.Task5.V0.csproj", "{8D07756B-F4E4-4791-BA57-61A0B37DA605}"
EndProject
Project("{FAE04EC0-301F-11D3-BF4B-00C04F79EFBC}") = "Tyuiu.ShaldinDA.Sprint0.Task5.V0.Lib", "Tyuiu.ShaldinDA.Sprint0.Task5.V0.Lib\Tyuiu.ShaldinDA.Sprint0.Task5.V0.Lib.csproj", "{5EA5BC4E-316E-4CEF-AD77-E26C5A3E1B5B}"
EndProject
Project("{FAE04EC0-301F-11D3-BF4B-00C04F79EFBC}") = "Tyuiu.ShaldinDA.Sprint0.Task5.V0.Test", "Tyuiu.ShaldinDA.Sprint0.Task5.V0.Test\Tyuiu.ShaldinDA.Sprint0.Task5.V0.Test.csproj", "{7B6E174C-3CC4-471F-BB31-E9ADFC3F2086}"
EndProject
Project("{2150E333-8FDC-42A3-9474-1A3956D46DE8}") = "Task6", "Task6", "{27EBFC5E-27F2-4969-AA4F-E22FC3F4ACFA}"
EndProject
Project("{FAE04EC0-301F-11D3-BF4B-00C04F79EFBC}") = "Tyuiu.ShaldinDA.Sprint0.Task6.V0", "Tyuiu.ShaldinDA.Sprint0.Task6.V0\Tyuiu.ShaldinDA.Sprint0.Task6.V0.csproj", "{FB6C87B2-7A28-4F86-A210-B9D5CC0C4583}"
EndProject
Project("{FAE04EC0-301F-11D3-BF4B-00C04F79EFBC}") = "Tyuiu.ShaldinDA.Sprint0.Task6.V0.Lib", "Tyuiu.SpirinIS.Sprint0.Task6.V0.Lib\Tyuiu.ShaldinDA.Sprint0.Task6.V0.Lib.csproj", "{87820D1B-7124-4D3B-8307-B8C4DBB198F6}"
EndProject
Project("{FAE04EC0-301F-11D3-BF4B-00C04F79EFBC}") = "Tyuiu.ShaldinDA.Sprint0.Task6.V0.Test", "Tyuiu.SpirinIS.Sprint0.Task6.V0.Test\Tyuiu.ShaldinDA.Sprint0.Task6.V0.Test.csproj", "{6960DD21-16CA-4486-BE65-6BFB0568EA71}"
EndProject
Global
	GlobalSection(SolutionConfigurationPlatforms) = preSolution
		Debug|Any CPU = Debug|Any CPU
		Release|Any CPU = Release|Any CPU
	EndGlobalSection
	GlobalSection(ProjectConfigurationPlatforms) = postSolution
		{325CD496-E87E-4EF8-B23E-8E34F8824531}.Debug|Any CPU.ActiveCfg = Debug|Any CPU
		{325CD496-E87E-4EF8-B23E-8E34F8824531}.Debug|Any CPU.Build.0 = Debug|Any CPU
		{325CD496-E87E-4EF8-B23E-8E34F8824531}.Release|Any CPU.ActiveCfg = Release|Any CPU
		{325CD496-E87E-4EF8-B23E-8E34F8824531}.Release|Any CPU.Build.0 = Release|Any CPU
		{BC0390B6-3554-4ACD-A94E-3D0D85E1955F}.Debug|Any CPU.ActiveCfg = Debug|Any CPU
		{BC0390B6-3554-4ACD-A94E-3D0D85E1955F}.Debug|Any CPU.Build.0 = Debug|Any CPU
		{BC0390B6-3554-4ACD-A94E-3D0D85E1955F}.Release|Any CPU.ActiveCfg = Release|Any CPU
		{BC0390B6-3554-4ACD-A94E-3D0D85E1955F}.Release|Any CPU.Build.0 = Release|Any CPU
		{4DEC932A-10E8-4944-96EB-8111E6A7EF9F}.Debug|Any CPU.ActiveCfg = Debug|Any CPU
		{4DEC932A-10E8-4944-96EB-8111E6A7EF9F}.Debug|Any CPU.Build.0 = Debug|Any CPU
		{4DEC932A-10E8-4944-96EB-8111E6A7EF9F}.Release|Any CPU.ActiveCfg = Release|Any CPU
		{4DEC932A-10E8-4944-96EB-8111E6A7EF9F}.Release|Any CPU.Build.0 = Release|Any CPU
		{449441BD-03E9-402C-A90F-D20E2BC06C06}.Debug|Any CPU.ActiveCfg = Debug|Any CPU
		{449441BD-03E9-402C-A90F-D20E2BC06C06}.Debug|Any CPU.Build.0 = Debug|Any CPU
		{449441BD-03E9-402C-A90F-D20E2BC06C06}.Release|Any CPU.ActiveCfg = Release|Any CPU
		{449441BD-03E9-402C-A90F-D20E2BC06C06}.Release|Any CPU.Build.0 = Release|Any CPU
		{C5D5D90D-17E0-4408-9963-629E351250BA}.Debug|Any CPU.ActiveCfg = Debug|Any CPU
		{C5D5D90D-17E0-4408-9963-629E351250BA}.Debug|Any CPU.Build.0 = Debug|Any CPU
		{C5D5D90D-17E0-4408-9963-629E351250BA}.Release|Any CPU.ActiveCfg = Release|Any CPU
		{C5D5D90D-17E0-4408-9963-629E351250BA}.Release|Any CPU.Build.0 = Release|Any CPU
		{5A5F182A-DAB8-4CB8-971E-B82E597F762F}.Debug|Any CPU.ActiveCfg = Debug|Any CPU
		{5A5F182A-DAB8-4CB8-971E-B82E597F762F}.Debug|Any CPU.Build.0 = Debug|Any CPU
		{5A5F182A-DAB8-4CB8-971E-B82E597F762F}.Release|Any CPU.ActiveCfg = Release|Any CPU
		{5A5F182A-DAB8-4CB8-971E-B82E597F762F}.Release|Any CPU.Build.0 = Release|Any CPU
		{09ACBB0B-80D3-49C9-891A-B706EDEAF933}.Debug|Any CPU.ActiveCfg = Debug|Any CPU
		{09ACBB0B-80D3-49C9-891A-B706EDEAF933}.Debug|Any CPU.Build.0 = Debug|Any CPU
		{09ACBB0B-80D3-49C9-891A-B706EDEAF933}.Release|Any CPU.ActiveCfg = Release|Any CPU
		{09ACBB0B-80D3-49C9-891A-B706EDEAF933}.Release|Any CPU.Build.0 = Release|Any CPU
		{A2ED640F-9CEF-4DAE-80BD-42D4471D0697}.Debug|Any CPU.ActiveCfg = Debug|Any CPU
		{A2ED640F-9CEF-4DAE-80BD-42D4471D0697}.Debug|Any CPU.Build.0 = Debug|Any CPU
		{A2ED640F-9CEF-4DAE-80BD-42D4471D0697}.Release|Any CPU.ActiveCfg = Release|Any CPU
		{A2ED640F-9CEF-4DAE-80BD-42D4471D0697}.Release|Any CPU.Build.0 = Release|Any CPU
		{CA164E96-CBBA-4401-B49C-CA160DE833A9}.Debug|Any CPU.ActiveCfg = Debug|Any CPU
		{CA164E96-CBBA-4401-B49C-CA160DE833A9}.Debug|Any CPU.Build.0 = Debug|Any CPU
		{CA164E96-CBBA-4401-B49C-CA160DE833A9}.Release|Any CPU.ActiveCfg = Release|Any CPU
		{CA164E96-CBBA-4401-B49C-CA160DE833A9}.Release|Any CPU.Build.0 = Release|Any CPU
		{10EED5DD-F482-4913-9F59-D536EA55D9A2}.Debug|Any CPU.ActiveCfg = Debug|Any CPU
		{10EED5DD-F482-4913-9F59-D536EA55D9A2}.Debug|Any CPU.Build.0 = Debug|Any CPU
		{10EED5DD-F482-4913-9F59-D536EA55D9A2}.Release|Any CPU.ActiveCfg = Release|Any CPU
		{10EED5DD-F482-4913-9F59-D536EA55D9A2}.Release|Any CPU.Build.0 = Release|Any CPU
		{13DDBA6E-A292-43C3-8432-0D65D6E5610F}.Debug|Any CPU.ActiveCfg = Debug|Any CPU
		{13DDBA6E-A292-43C3-8432-0D65D6E5610F}.Debug|Any CPU.Build.0 = Debug|Any CPU
		{13DDBA6E-A292-43C3-8432-0D65D6E5610F}.Release|Any CPU.ActiveCfg = Release|Any CPU
		{13DDBA6E-A292-43C3-8432-0D65D6E5610F}.Release|Any CPU.Build.0 = Release|Any CPU
		{8D07756B-F4E4-4791-BA57-61A0B37DA605}.Debug|Any CPU.ActiveCfg = Debug|Any CPU
		{8D07756B-F4E4-4791-BA57-61A0B37DA605}.Debug|Any CPU.Build.0 = Debug|Any CPU
		{8D07756B-F4E4-4791-BA57-61A0B37DA605}.Release|Any CPU.ActiveCfg = Release|Any CPU
		{8D07756B-F4E4-4791-BA57-61A0B37DA605}.Release|Any CPU.Build.0 = Release|Any CPU
		{5EA5BC4E-316E-4CEF-AD77-E26C5A3E1B5B}.Debug|Any CPU.ActiveCfg = Debug|Any CPU
		{5EA5BC4E-316E-4CEF-AD77-E26C5A3E1B5B}.Debug|Any CPU.Build.0 = Debug|Any CPU
		{5EA5BC4E-316E-4CEF-AD77-E26C5A3E1B5B}.Release|Any CPU.ActiveCfg = Release|Any CPU
		{5EA5BC4E-316E-4CEF-AD77-E26C5A3E1B5B}.Release|Any CPU.Build.0 = Release|Any CPU
		{7B6E174C-3CC4-471F-BB31-E9ADFC3F2086}.Debug|Any CPU.ActiveCfg = Debug|Any CPU
		{7B6E174C-3CC4-471F-BB31-E9ADFC3F2086}.Debug|Any CPU.Build.0 = Debug|Any CPU
		{7B6E174C-3CC4-471F-BB31-E9ADFC3F2086}.Release|Any CPU.ActiveCfg = Release|Any CPU
		{7B6E174C-3CC4-471F-BB31-E9ADFC3F2086}.Release|Any CPU.Build.0 = Release|Any CPU
		{FB6C87B2-7A28-4F86-A210-B9D5CC0C4583}.Debug|Any CPU.ActiveCfg = Debug|Any CPU
		{FB6C87B2-7A28-4F86-A210-B9D5CC0C4583}.Debug|Any CPU.Build.0 = Debug|Any CPU
		{FB6C87B2-7A28-4F86-A210-B9D5CC0C4583}.Release|Any CPU.ActiveCfg = Release|Any CPU
		{FB6C87B2-7A28-4F86-A210-B9D5CC0C4583}.Release|Any CPU.Build.0 = Release|Any CPU
		{87820D1B-7124-4D3B-8307-B8C4DBB198F6}.Debug|Any CPU.ActiveCfg = Debug|Any CPU
		{87820D1B-7124-4D3B-8307-B8C4DBB198F6}.Debug|Any CPU.Build.0 = Debug|Any CPU
		{87820D1B-7124-4D3B-8307-B8C4DBB198F6}.Release|Any CPU.ActiveCfg = Release|Any CPU
		{87820D1B-7124-4D3B-8307-B8C4DBB198F6}.Release|Any CPU.Build.0 = Release|Any CPU
		{6960DD21-16CA-4486-BE65-6BFB0568EA71}.Debug|Any CPU.ActiveCfg = Debug|Any CPU
		{6960DD21-16CA-4486-BE65-6BFB0568EA71}.Debug|Any CPU.Build.0 = Debug|Any CPU
		{6960DD21-16CA-4486-BE65-6BFB0568EA71}.Release|Any CPU.ActiveCfg = Release|Any CPU
		{6960DD21-16CA-4486-BE65-6BFB0568EA71}.Release|Any CPU.Build.0 = Release|Any CPU
	EndGlobalSection
	GlobalSection(SolutionProperties) = preSolution
		HideSolutionNode = FALSE
	EndGlobalSection
	GlobalSection(NestedProjects) = preSolution
		{325CD496-E87E-4EF8-B23E-8E34F8824531} = {2E1B4366-D0E0-48A2-8A2F-9B3293E4EDE2}
		{BC0390B6-3554-4ACD-A94E-3D0D85E1955F} = {29FF9514-E415-493D-BD43-AAFBA2758DDE}
		{4DEC932A-10E8-4944-96EB-8111E6A7EF9F} = {F54BFEEF-6F56-44D0-AFA4-2F34923B17BF}
		{449441BD-03E9-402C-A90F-D20E2BC06C06} = {F54BFEEF-6F56-44D0-AFA4-2F34923B17BF}
		{C5D5D90D-17E0-4408-9963-629E351250BA} = {F54BFEEF-6F56-44D0-AFA4-2F34923B17BF}
		{5A5F182A-DAB8-4CB8-971E-B82E597F762F} = {3B823BBA-0185-4943-A85D-4ED214630273}
		{09ACBB0B-80D3-49C9-891A-B706EDEAF933} = {3B823BBA-0185-4943-A85D-4ED214630273}
		{A2ED640F-9CEF-4DAE-80BD-42D4471D0697} = {3B823BBA-0185-4943-A85D-4ED214630273}
		{CA164E96-CBBA-4401-B49C-CA160DE833A9} = {ACD12C09-1978-4AEA-BD84-C407D94DF235}
		{10EED5DD-F482-4913-9F59-D536EA55D9A2} = {ACD12C09-1978-4AEA-BD84-C407D94DF235}
		{13DDBA6E-A292-43C3-8432-0D65D6E5610F} = {ACD12C09-1978-4AEA-BD84-C407D94DF235}
		{8D07756B-F4E4-4791-BA57-61A0B37DA605} = {62B1F9D4-BEA0-4B44-8E73-276073E92027}
		{5EA5BC4E-316E-4CEF-AD77-E26C5A3E1B5B} = {62B1F9D4-BEA0-4B44-8E73-276073E92027}
		{7B6E174C-3CC4-471F-BB31-E9ADFC3F2086} = {62B1F9D4-BEA0-4B44-8E73-276073E92027}
		{FB6C87B2-7A28-4F86-A210-B9D5CC0C4583} = {27EBFC5E-27F2-4969-AA4F-E22FC3F4ACFA}
		{87820D1B-7124-4D3B-8307-B8C4DBB198F6} = {27EBFC5E-27F2-4969-AA4F-E22FC3F4ACFA}
		{6960DD21-16CA-4486-BE65-6BFB0568EA71} = {27EBFC5E-27F2-4969-AA4F-E22FC3F4ACFA}
	EndGlobalSection
	GlobalSection(ExtensibilityGlobals) = postSolution
		SolutionGuid = {7A5FFF12-C499-490C-A54D-C09D5291380E}
	EndGlobalSection
EndGlobal
