
Microsoft Visual Studio Solution File, Format Version 12.00
# Visual Studio Version 17
VisualStudioVersion = 17.11.35222.181
MinimumVisualStudioVersion = 10.0.40219.1
Project("{2150E333-8FDC-42A3-9474-1A3956D46DE8}") = "Task0", "Task0", "{2E1B4366-D0E0-48A2-8A2F-9B3293E4EDE2}"
EndProject
Project("{9A19103F-16F7-4668-BE54-9A1E7A4F7556}") = "Tyuiu.ShaldinDA.Sprint0.Task0.V0", "Tyuiu.ShaldinDA.Sprint0.Task0.V0\Tyuiu.ShaldinDA.Sprint0.Task0.V0.csproj", "{325CD496-E87E-4EF8-B23E-8E34F8824531}"
EndProject
Project("{2150E333-8FDC-42A3-9474-1A3956D46DE8}") = "Task1", "Task1", "{29FF9514-E415-493D-BD43-AAFBA2758DDE}"
EndProject
Project("{9A19103F-16F7-4668-BE54-9A1E7A4F7556}") = "Tyuiu.ShaldinDA.Sprint0.Task1.V0", "Tyuiu.ShaldinDA.Sprint0.Task1.V0\Tyuiu.ShaldinDA.Sprint0.Task1.V0.csproj", "{BC0390B6-3554-4ACD-A94E-3D0D85E1955F}"
EndProject
Project("{2150E333-8FDC-42A3-9474-1A3956D46DE8}") = "Task2", "Task2", "{F54BFEEF-6F56-44D0-AFA4-2F34923B17BF}"
EndProject
Project("{9A19103F-16F7-4668-BE54-9A1E7A4F7556}") = "Tyuiu.ShaldinDA.Sprint0.Task2.V0", "Tyuiu.ShaldinDA.Sprint0.Task2.V0\Tyuiu.ShaldinDA.Sprint0.Task2.V0.csproj", "{4DEC932A-10E8-4944-96EB-8111E6A7EF9F}"
EndProject
Project("{9A19103F-16F7-4668-BE54-9A1E7A4F7556}") = "Tyuiu.ShaldinDA.Sprint0.Task2.V0.Lib", "Tyuiu.ShaldinDA.Sprint0.Task2.V0.Lib\Tyuiu.ShaldinDA.Sprint0.Task2.V0.Lib.csproj", "{449441BD-03E9-402C-A90F-D20E2BC06C06}"
EndProject
Project("{9A19103F-16F7-4668-BE54-9A1E7A4F7556}") = "Tyuiu.ShaldinDA.Sprint0.Task2.V0.Test", "Tyuiu.ShaldinDA.Sprint0.Task2.V0.Test\Tyuiu.ShaldinDA.Sprint0.Task2.V0.Test.csproj", "{C5D5D90D-17E0-4408-9963-629E351250BA}"
EndProject
Project("{2150E333-8FDC-42A3-9474-1A3956D46DE8}") = "Task3", "Task3", "{3B823BBA-0185-4943-A85D-4ED214630273}"
EndProject
Project("{FAE04EC0-301F-11D3-BF4B-00C04F79EFBC}") = "Tyuiu.ShaldinDA.Sprint0.Task3.V0", "Tyuiu.ShaldinDA.Sprint0.Task3.V0\Tyuiu.ShaldinDA.Sprint0.Task3.V0.csproj", "{5A5F182A-DAB8-4CB8-971E-B82E597F762F}"
EndProject
Project("{FAE04EC0-301F-11D3-BF4B-00C04F79EFBC}") = "Tyuiu.ShaldinDA.Sprint0.Task3.V0.Test", "Tyuiu.ShaldinDA.Sprint0.Task3.V0.Test\Tyuiu.ShaldinDA.Sprint0.Task3.V0.Test.csproj", "{09ACBB0B-80D3-49C9-891A-B706EDEAF933}"
EndProject
Project("{FAE04EC0-301F-11D3-BF4B-00C04F79EFBC}") = "Tyuiu.ShaldinDA.Sprint0.Task3.V0.Lib", "Tyuiu.ShaldinDA.Sprint0.Task3.V0.Lib\Tyuiu.ShaldinDA.Sprint0.Task3.V0.Lib.csproj", "{A2ED640F-9CEF-4DAE-80BD-42D4471D0697}"
EndProject
Global
	GlobalSection(SolutionConfigurationPlatforms) = preSolution
		Debug|Any CPU = Debug|Any CPU
		Release|Any CPU = Release|Any CPU
	EndGlobalSection
	GlobalSection(ProjectConfigurationPlatforms) = postSolution
		{325CD496-E87E-4EF8-B23E-8E34F8824531}.Debug|Any CPU.ActiveCfg = Debug|Any CPU
		{325CD496-E87E-4EF8-B23E-8E34F8824531}.Debug|Any CPU.Build.0 = Debug|Any CPU
		{325CD496-E87E-4EF8-B23E-8E34F8824531}.Release|Any CPU.ActiveCfg = Release|Any CPU
		{325CD496-E87E-4EF8-B23E-8E34F8824531}.Release|Any CPU.Build.0 = Release|Any CPU
		{BC0390B6-3554-4ACD-A94E-3D0D85E1955F}.Debug|Any CPU.ActiveCfg = Debug|Any CPU
		{BC0390B6-3554-4ACD-A94E-3D0D85E1955F}.Debug|Any CPU.Build.0 = Debug|Any CPU
		{BC0390B6-3554-4ACD-A94E-3D0D85E1955F}.Release|Any CPU.ActiveCfg = Release|Any CPU
		{BC0390B6-3554-4ACD-A94E-3D0D85E1955F}.Release|Any CPU.Build.0 = Release|Any CPU
		{4DEC932A-10E8-4944-96EB-8111E6A7EF9F}.Debug|Any CPU.ActiveCfg = Debug|Any CPU
		{4DEC932A-10E8-4944-96EB-8111E6A7EF9F}.Debug|Any CPU.Build.0 = Debug|Any CPU
		{4DEC932A-10E8-4944-96EB-8111E6A7EF9F}.Release|Any CPU.ActiveCfg = Release|Any CPU
		{4DEC932A-10E8-4944-96EB-8111E6A7EF9F}.Release|Any CPU.Build.0 = Release|Any CPU
		{449441BD-03E9-402C-A90F-D20E2BC06C06}.Debug|Any CPU.ActiveCfg = Debug|Any CPU
		{449441BD-03E9-402C-A90F-D20E2BC06C06}.Debug|Any CPU.Build.0 = Debug|Any CPU
		{449441BD-03E9-402C-A90F-D20E2BC06C06}.Release|Any CPU.ActiveCfg = Release|Any CPU
		{449441BD-03E9-402C-A90F-D20E2BC06C06}.Release|Any CPU.Build.0 = Release|Any CPU
		{C5D5D90D-17E0-4408-9963-629E351250BA}.Debug|Any CPU.ActiveCfg = Debug|Any CPU
		{C5D5D90D-17E0-4408-9963-629E351250BA}.Debug|Any CPU.Build.0 = Debug|Any CPU
		{C5D5D90D-17E0-4408-9963-629E351250BA}.Release|Any CPU.ActiveCfg = Release|Any CPU
		{C5D5D90D-17E0-4408-9963-629E351250BA}.Release|Any CPU.Build.0 = Release|Any CPU
		{5A5F182A-DAB8-4CB8-971E-B82E597F762F}.Debug|Any CPU.ActiveCfg = Debug|Any CPU
		{5A5F182A-DAB8-4CB8-971E-B82E597F762F}.Debug|Any CPU.Build.0 = Debug|Any CPU
		{5A5F182A-DAB8-4CB8-971E-B82E597F762F}.Release|Any CPU.ActiveCfg = Release|Any CPU
		{5A5F182A-DAB8-4CB8-971E-B82E597F762F}.Release|Any CPU.Build.0 = Release|Any CPU
		{09ACBB0B-80D3-49C9-891A-B706EDEAF933}.Debug|Any CPU.ActiveCfg = Debug|Any CPU
		{09ACBB0B-80D3-49C9-891A-B706EDEAF933}.Debug|Any CPU.Build.0 = Debug|Any CPU
		{09ACBB0B-80D3-49C9-891A-B706EDEAF933}.Release|Any CPU.ActiveCfg = Release|Any CPU
		{09ACBB0B-80D3-49C9-891A-B706EDEAF933}.Release|Any CPU.Build.0 = Release|Any CPU
		{A2ED640F-9CEF-4DAE-80BD-42D4471D0697}.Debug|Any CPU.ActiveCfg = Debug|Any CPU
		{A2ED640F-9CEF-4DAE-80BD-42D4471D0697}.Debug|Any CPU.Build.0 = Debug|Any CPU
		{A2ED640F-9CEF-4DAE-80BD-42D4471D0697}.Release|Any CPU.ActiveCfg = Release|Any CPU
		{A2ED640F-9CEF-4DAE-80BD-42D4471D0697}.Release|Any CPU.Build.0 = Release|Any CPU
	EndGlobalSection
	GlobalSection(SolutionProperties) = preSolution
		HideSolutionNode = FALSE
	EndGlobalSection
	GlobalSection(NestedProjects) = preSolution
		{325CD496-E87E-4EF8-B23E-8E34F8824531} = {2E1B4366-D0E0-48A2-8A2F-9B3293E4EDE2}
		{BC0390B6-3554-4ACD-A94E-3D0D85E1955F} = {29FF9514-E415-493D-BD43-AAFBA2758DDE}
		{4DEC932A-10E8-4944-96EB-8111E6A7EF9F} = {F54BFEEF-6F56-44D0-AFA4-2F34923B17BF}
		{449441BD-03E9-402C-A90F-D20E2BC06C06} = {F54BFEEF-6F56-44D0-AFA4-2F34923B17BF}
		{C5D5D90D-17E0-4408-9963-629E351250BA} = {F54BFEEF-6F56-44D0-AFA4-2F34923B17BF}
		{5A5F182A-DAB8-4CB8-971E-B82E597F762F} = {3B823BBA-0185-4943-A85D-4ED214630273}
		{09ACBB0B-80D3-49C9-891A-B706EDEAF933} = {3B823BBA-0185-4943-A85D-4ED214630273}
		{A2ED640F-9CEF-4DAE-80BD-42D4471D0697} = {3B823BBA-0185-4943-A85D-4ED214630273}
	EndGlobalSection
	GlobalSection(ExtensibilityGlobals) = postSolution
		SolutionGuid = {7A5FFF12-C499-490C-A54D-C09D5291380E}
	EndGlobalSection
EndGlobal
